<!DOCTYPE html>
<html>
<head>
    <meta charset="utf-8" />
    <link href="/css/bootstrap.min.css" rel="stylesheet" />
    <title>Table</title>
</head>
<body>
    <div class="container">
        <ul class="list-group">
            <li class="list-group-item disabled" aria-disabled="true">Pasif Madde</li>
            <li class="list-group-item">Defter</li>
            <li class="list-group-item list-group-item-danger">Kalem</li>
            <li class="list-group-item">Silgi</li>
            <li class="list-group-item">Kitap</li>
        </ul>
    </div>
    <div class="container mt-4">
        <div class="list-group">
            <a href="https://www.youtube.com" class="list-group-item list-group-item-action active" aria-current="true">Aktif</a>
            <a href="" class="list-group-item list-group-item-action">Bilgisayar</a>
            <a href="" class="list-group-item list-group-item-action">Kablo</a>
            <a href="" class="list-group-item list-group-item-action">İnternet</a>
            <a href="" class="list-group-item list-group-item-action">Bilgisayar</a>
            <a href="" class="list-group-item list-group-item-action active disabled" aria-disabled="true">Pasif</a>
        </div>
    </div>
    <div class="container mt-4">
        <ol class="list-group list-group-numbered list-group-flush">
            <li class="list-group-item d-flex justify-content-between align-items-start">
                <div class="ms-2 me-auto">
                    <div class="fw-bold">Mesaj Kutusu</div>
                    Gelen Mesaj
                </div>
                <span class="badge bg-primary rounded-pill">14</span>
            </li>

            <li class="list-group-item d-flex justify-content-between align-items-start">
                <div class="ms-2 me-auto">
                    <div class="fw-bold">Mesaj Kutusu</div>
                    Giden Mesaj
                </div>
                <span class="badge bg-primary badge-pill">20</span>
            </li>

            <li class="list-group-item d-flex justify-content-between align-items-start">
                <div class="ms-2 me-auto">
                    <div class="fw-bold">Mesaj Kutusu</div>
                    Gönderilmişler
                </div>
                <span class="badge bg-primary badge-pill">18</span>
            </li>
        </ol>
    </div>
</body>
</html>
